PODS:
  - MBProgressHUD (1.2.0)
  - PINCache (2.3)
  - SDWebImage (5.8.4):
    - SDWebImage/Core (= 5.8.4)
  - SDWebImage/Core (5.8.4)
  - SnapKit (5.0.1)

DEPENDENCIES:
  - MBProgressHUD
  - PINCache
  - SDWebImage
  - SnapKit

SPEC REPOS:
  trunk:
    - MBProgressHUD
    - PINCache
    - SDWebImage
    - SnapKit

SPEC CHECKSUMS:
  MBProgressHUD: 3ee5efcc380f6a79a7cc9b363dd669c5e1ae7406
  PINCache: ce36ed282031b92fc7733ffe831f474ff80fddc2
  SDWebImage: cf6922231e95550934da2ada0f20f2becf2ceba9
  SnapKit: 97b92857e3df3a0c71833cce143274bf6ef8e5eb

PODFILE CHECKSUM: d57d49376f146b3a68b745569a4a39a07452ff5a

COCOAPODS: 1.9.3
