PODS:
  - Kingfisher (5.14.0):
    - Kingfisher/Core (= 5.14.0)
  - Kingfisher/Core (5.14.0)
  - PINCache (2.3)
  - SnapKit (5.0.1)

DEPENDENCIES:
  - Kingfisher
  - PINCache
  - SnapKit

SPEC REPOS:
  trunk:
    - Kingfisher
    - PINCache
    - SnapKit

SPEC CHECKSUMS:
  Kingfisher: 7b64389a43139c903ec434788344c288217c792d
  PINCache: ce36ed282031b92fc7733ffe831f474ff80fddc2
  SnapKit: 97b92857e3df3a0c71833cce143274bf6ef8e5eb

PODFILE CHECKSUM: bdfb5a19284786db04bb76e5b60e095c5784c098

COCOAPODS: 1.9.3
