// !$*UTF8*$!
{
	archiveVersion = 1;
	classes = {
	};
	objectVersion = 51;
	objects = {

/* Begin PBXBuildFile section */
		1DE8D457F87FAB75C0969EA2 /* Pods_MealDBApp.framework in Frameworks */ = {isa = PBXBuildFile; fileRef = DA3D23283E55860191E98617 /* Pods_MealDBApp.framework */; };
		7EC1DF162BB1F898C1DDB838 /* Pods_MealDBAppTests.framework in Frameworks */ = {isa = PBXBuildFile; fileRef = E3AE8C879175B9460A109306 /* Pods_MealDBAppTests.framework */; };
		BE18DBC424C3FB6E001052F6 /* AppDelegate+Setup.swift in Sources */ = {isa = PBXBuildFile; fileRef = BE18DBC324C3FB6E001052F6 /* AppDelegate+Setup.swift */; };
		BE18DBC724C3FBF2001052F6 /* CustomNavigationController.swift in Sources */ = {isa = PBXBuildFile; fileRef = BE18DBC624C3FBF2001052F6 /* CustomNavigationController.swift */; };
		BE18DBC924C414AF001052F6 /* UIImage+Extensions.swift in Sources */ = {isa = PBXBuildFile; fileRef = BE18DBC824C414AF001052F6 /* UIImage+Extensions.swift */; };
		BE18DBCB24C42941001052F6 /* PaddedLabel.swift in Sources */ = {isa = PBXBuildFile; fileRef = BE18DBCA24C42941001052F6 /* PaddedLabel.swift */; };
		BE18DBCD24C4304A001052F6 /* String+Extensions.swift in Sources */ = {isa = PBXBuildFile; fileRef = BE18DBCC24C4304A001052F6 /* String+Extensions.swift */; };
		BE18DBCF24C435B7001052F6 /* MealTests.swift in Sources */ = {isa = PBXBuildFile; fileRef = BE18DBCE24C435B7001052F6 /* MealTests.swift */; };
		BE2B38A840508FF2A5B939AD /* Pods_MealDBApp_MealDBAppUITests.framework in Frameworks */ = {isa = PBXBuildFile; fileRef = 2C9B1B5E73D12DFC663094E0 /* Pods_MealDBApp_MealDBAppUITests.framework */; };
		BE4FB64024C32FCA00244047 /* MealDetailView.swift in Sources */ = {isa = PBXBuildFile; fileRef = BE4FB63F24C32FCA00244047 /* MealDetailView.swift */; };
		BE4FB64224C32FD600244047 /* MealDetailView.xib in Resources */ = {isa = PBXBuildFile; fileRef = BE4FB64124C32FD600244047 /* MealDetailView.xib */; };
		BE7AD7EA24C297E100C2FDA1 /* Meal.swift in Sources */ = {isa = PBXBuildFile; fileRef = BE7AD7E924C297E100C2FDA1 /* Meal.swift */; };
		BE7AD7ED24C2992600C2FDA1 /* APIClient.swift in Sources */ = {isa = PBXBuildFile; fileRef = BE7AD7EC24C2992600C2FDA1 /* APIClient.swift */; };
		BE7AD7EF24C2994100C2FDA1 /* URLSession+Mocking.swift in Sources */ = {isa = PBXBuildFile; fileRef = BE7AD7EE24C2994100C2FDA1 /* URLSession+Mocking.swift */; };
		BE7AD7F124C2996000C2FDA1 /* Data+Decoding.swift in Sources */ = {isa = PBXBuildFile; fileRef = BE7AD7F024C2996000C2FDA1 /* Data+Decoding.swift */; };
		BE7AD7F324C29E0100C2FDA1 /* TestUtilities.swift in Sources */ = {isa = PBXBuildFile; fileRef = BE7AD7F224C29E0100C2FDA1 /* TestUtilities.swift */; };
		BE7AD7F524C29E4A00C2FDA1 /* MockObjects.swift in Sources */ = {isa = PBXBuildFile; fileRef = BE7AD7F424C29E4A00C2FDA1 /* MockObjects.swift */; };
		BE7AD7F724C29F8800C2FDA1 /* json-data.bundle in Resources */ = {isa = PBXBuildFile; fileRef = BE7AD7F624C29F8800C2FDA1 /* json-data.bundle */; };
		BE7AD7F924C2A05000C2FDA1 /* Ingredient.swift in Sources */ = {isa = PBXBuildFile; fileRef = BE7AD7F824C2A05000C2FDA1 /* Ingredient.swift */; };
		BE7AD7FB24C2A36700C2FDA1 /* MealDBAPIClient+Decoding.swift in Sources */ = {isa = PBXBuildFile; fileRef = BE7AD7FA24C2A36700C2FDA1 /* MealDBAPIClient+Decoding.swift */; };
		BE7AD80224C2AB6B00C2FDA1 /* Cache.swift in Sources */ = {isa = PBXBuildFile; fileRef = BE7AD80124C2AB6B00C2FDA1 /* Cache.swift */; };
		BE7AD80424C2AF1100C2FDA1 /* Persistence.swift in Sources */ = {isa = PBXBuildFile; fileRef = BE7AD7FF24C2A61E00C2FDA1 /* Persistence.swift */; };
		BE7AD80624C2B16400C2FDA1 /* Cacheable.swift in Sources */ = {isa = PBXBuildFile; fileRef = BE7AD80524C2B16400C2FDA1 /* Cacheable.swift */; };
		BE7AD80824C2B63600C2FDA1 /* Dictionary+Codable.swift in Sources */ = {isa = PBXBuildFile; fileRef = BE7AD80724C2B63600C2FDA1 /* Dictionary+Codable.swift */; };
		BE7AD80A24C2BDDD00C2FDA1 /* Collections.swift in Sources */ = {isa = PBXBuildFile; fileRef = BE7AD80924C2BDDD00C2FDA1 /* Collections.swift */; };
		BE7AD80C24C2C7E100C2FDA1 /* DataProvider.swift in Sources */ = {isa = PBXBuildFile; fileRef = BE7AD80B24C2C7E100C2FDA1 /* DataProvider.swift */; };
		BE7AD80E24C2CBBD00C2FDA1 /* DataProviderTests.swift in Sources */ = {isa = PBXBuildFile; fileRef = BE7AD80D24C2CBBD00C2FDA1 /* DataProviderTests.swift */; };
		BE7AD81024C2DC7400C2FDA1 /* CacheTests.swift in Sources */ = {isa = PBXBuildFile; fileRef = BE7AD80F24C2DC7400C2FDA1 /* CacheTests.swift */; };
		BE7AD81524C2E92A00C2FDA1 /* CoordinatorBase.swift in Sources */ = {isa = PBXBuildFile; fileRef = BE7AD81224C2E92A00C2FDA1 /* CoordinatorBase.swift */; };
		BE7AD81724C2E92A00C2FDA1 /* ApplicationCoordinator.swift in Sources */ = {isa = PBXBuildFile; fileRef = BE7AD81424C2E92A00C2FDA1 /* ApplicationCoordinator.swift */; };
		BE7AD81C24C2F31C00C2FDA1 /* SuggestedMealsCoordinator.swift in Sources */ = {isa = PBXBuildFile; fileRef = BE7AD81B24C2F31C00C2FDA1 /* SuggestedMealsCoordinator.swift */; };
		BE7AD81E24C2F48400C2FDA1 /* IngredientsListViewController.swift in Sources */ = {isa = PBXBuildFile; fileRef = BE7AD81D24C2F48400C2FDA1 /* IngredientsListViewController.swift */; };
		BE7AD82024C2F78100C2FDA1 /* IngredientDetailsViewController.swift in Sources */ = {isa = PBXBuildFile; fileRef = BE7AD81F24C2F78100C2FDA1 /* IngredientDetailsViewController.swift */; };
		BE7AD82224C2F8A500C2FDA1 /* MealDetailsViewController.swift in Sources */ = {isa = PBXBuildFile; fileRef = BE7AD82124C2F8A500C2FDA1 /* MealDetailsViewController.swift */; };
		BE7AD82724C3000900C2FDA1 /* FavoritesCoordinator.swift in Sources */ = {isa = PBXBuildFile; fileRef = BE7AD82324C2FAF300C2FDA1 /* FavoritesCoordinator.swift */; };
		BE7AD82824C3007300C2FDA1 /* FavoritesViewController.swift in Sources */ = {isa = PBXBuildFile; fileRef = BE7AD82524C2FB3200C2FDA1 /* FavoritesViewController.swift */; };
		BE7AD82A24C3052C00C2FDA1 /* NavigationTests.swift in Sources */ = {isa = PBXBuildFile; fileRef = BE7AD82924C3052C00C2FDA1 /* NavigationTests.swift */; };
		BE7AD82E24C3072200C2FDA1 /* IngredientTableViewCell.swift in Sources */ = {isa = PBXBuildFile; fileRef = BE7AD82C24C3072200C2FDA1 /* IngredientTableViewCell.swift */; };
		BE7AD82F24C3072200C2FDA1 /* IngredientTableViewCell.xib in Resources */ = {isa = PBXBuildFile; fileRef = BE7AD82D24C3072200C2FDA1 /* IngredientTableViewCell.xib */; };
		BE7AD83224C30B4900C2FDA1 /* MealTableViewCell.swift in Sources */ = {isa = PBXBuildFile; fileRef = BE7AD83024C30B4900C2FDA1 /* MealTableViewCell.swift */; };
		BE7AD83324C30B4900C2FDA1 /* MealTableViewCell.xib in Resources */ = {isa = PBXBuildFile; fileRef = BE7AD83124C30B4900C2FDA1 /* MealTableViewCell.xib */; };
		BED5ADA924C1EFBE008338EE /* AppDelegate.swift in Sources */ = {isa = PBXBuildFile; fileRef = BED5ADA824C1EFBE008338EE /* AppDelegate.swift */; };
		BED5ADB524C1EFC0008338EE /* Assets.xcassets in Resources */ = {isa = PBXBuildFile; fileRef = BED5ADB424C1EFC0008338EE /* Assets.xcassets */; };
		BED5ADB824C1EFC0008338EE /* LaunchScreen.storyboard in Resources */ = {isa = PBXBuildFile; fileRef = BED5ADB624C1EFC0008338EE /* LaunchScreen.storyboard */; };
		BED5ADC324C1EFC0008338EE /* APIClientTests.swift in Sources */ = {isa = PBXBuildFile; fileRef = BED5ADC224C1EFC0008338EE /* APIClientTests.swift */; };
		BED5ADCE24C1EFC0008338EE /* MealDBAppUITests.swift in Sources */ = {isa = PBXBuildFile; fileRef = BED5ADCD24C1EFC0008338EE /* MealDBAppUITests.swift */; };
/* End PBXBuildFile section */

/* Begin PBXContainerItemProxy section */
		BED5ADBF24C1EFC0008338EE /* PBXContainerItemProxy */ = {
			isa = PBXContainerItemProxy;
			containerPortal = BED5AD9D24C1EFBE008338EE /* Project object */;
			proxyType = 1;
			remoteGlobalIDString = BED5ADA424C1EFBE008338EE;
			remoteInfo = MealDBApp;
		};
		BED5ADCA24C1EFC0008338EE /* PBXContainerItemProxy */ = {
			isa = PBXContainerItemProxy;
			containerPortal = BED5AD9D24C1EFBE008338EE /* Project object */;
			proxyType = 1;
			remoteGlobalIDString = BED5ADA424C1EFBE008338EE;
			remoteInfo = MealDBApp;
		};
/* End PBXContainerItemProxy section */

/* Begin PBXFileReference section */
		2C9B1B5E73D12DFC663094E0 /* Pods_MealDBApp_MealDBAppUITests.framework */ = {isa = PBXFileReference; explicitFileType = wrapper.framework; includeInIndex = 0; path = Pods_MealDBApp_MealDBAppUITests.framework; sourceTree = BUILT_PRODUCTS_DIR; };
		739E1FE27FCBA65EF1A573E0 /* Pods-MealDBApp.release.xcconfig */ = {isa = PBXFileReference; includeInIndex = 1; lastKnownFileType = text.xcconfig; name = "Pods-MealDBApp.release.xcconfig"; path = "Target Support Files/Pods-MealDBApp/Pods-MealDBApp.release.xcconfig"; sourceTree = "<group>"; };
		B1FE3F48FB5EB1B5857AE640 /* Pods-MealDBAppTests.release.xcconfig */ = {isa = PBXFileReference; includeInIndex = 1; lastKnownFileType = text.xcconfig; name = "Pods-MealDBAppTests.release.xcconfig"; path = "Target Support Files/Pods-MealDBAppTests/Pods-MealDBAppTests.release.xcconfig"; sourceTree = "<group>"; };
		BE18DBC324C3FB6E001052F6 /* AppDelegate+Setup.swift */ = {isa = PBXFileReference; lastKnownFileType = sourcecode.swift; path = "AppDelegate+Setup.swift"; sourceTree = "<group>"; };
		BE18DBC624C3FBF2001052F6 /* CustomNavigationController.swift */ = {isa = PBXFileReference; lastKnownFileType = sourcecode.swift; path = CustomNavigationController.swift; sourceTree = "<group>"; };
		BE18DBC824C414AF001052F6 /* UIImage+Extensions.swift */ = {isa = PBXFileReference; lastKnownFileType = sourcecode.swift; path = "UIImage+Extensions.swift"; sourceTree = "<group>"; };
		BE18DBCA24C42941001052F6 /* PaddedLabel.swift */ = {isa = PBXFileReference; lastKnownFileType = sourcecode.swift; path = PaddedLabel.swift; sourceTree = "<group>"; };
		BE18DBCC24C4304A001052F6 /* String+Extensions.swift */ = {isa = PBXFileReference; lastKnownFileType = sourcecode.swift; path = "String+Extensions.swift"; sourceTree = "<group>"; };
		BE18DBCE24C435B7001052F6 /* MealTests.swift */ = {isa = PBXFileReference; lastKnownFileType = sourcecode.swift; path = MealTests.swift; sourceTree = "<group>"; };
		BE4FB63F24C32FCA00244047 /* MealDetailView.swift */ = {isa = PBXFileReference; lastKnownFileType = sourcecode.swift; path = MealDetailView.swift; sourceTree = "<group>"; };
		BE4FB64124C32FD600244047 /* MealDetailView.xib */ = {isa = PBXFileReference; lastKnownFileType = file.xib; path = MealDetailView.xib; sourceTree = "<group>"; };
		BE7AD7E924C297E100C2FDA1 /* Meal.swift */ = {isa = PBXFileReference; lastKnownFileType = sourcecode.swift; path = Meal.swift; sourceTree = "<group>"; };
		BE7AD7EC24C2992600C2FDA1 /* APIClient.swift */ = {isa = PBXFileReference; lastKnownFileType = sourcecode.swift; path = APIClient.swift; sourceTree = "<group>"; };
		BE7AD7EE24C2994100C2FDA1 /* URLSession+Mocking.swift */ = {isa = PBXFileReference; lastKnownFileType = sourcecode.swift; path = "URLSession+Mocking.swift"; sourceTree = "<group>"; };
		BE7AD7F024C2996000C2FDA1 /* Data+Decoding.swift */ = {isa = PBXFileReference; lastKnownFileType = sourcecode.swift; path = "Data+Decoding.swift"; sourceTree = "<group>"; };
		BE7AD7F224C29E0100C2FDA1 /* TestUtilities.swift */ = {isa = PBXFileReference; lastKnownFileType = sourcecode.swift; path = TestUtilities.swift; sourceTree = "<group>"; };
		BE7AD7F424C29E4A00C2FDA1 /* MockObjects.swift */ = {isa = PBXFileReference; lastKnownFileType = sourcecode.swift; path = MockObjects.swift; sourceTree = "<group>"; };
		BE7AD7F624C29F8800C2FDA1 /* json-data.bundle */ = {isa = PBXFileReference; lastKnownFileType = "wrapper.plug-in"; path = "json-data.bundle"; sourceTree = "<group>"; };
		BE7AD7F824C2A05000C2FDA1 /* Ingredient.swift */ = {isa = PBXFileReference; lastKnownFileType = sourcecode.swift; path = Ingredient.swift; sourceTree = "<group>"; };
		BE7AD7FA24C2A36700C2FDA1 /* MealDBAPIClient+Decoding.swift */ = {isa = PBXFileReference; lastKnownFileType = sourcecode.swift; path = "MealDBAPIClient+Decoding.swift"; sourceTree = "<group>"; };
		BE7AD7FF24C2A61E00C2FDA1 /* Persistence.swift */ = {isa = PBXFileReference; lastKnownFileType = sourcecode.swift; path = Persistence.swift; sourceTree = "<group>"; };
		BE7AD80124C2AB6B00C2FDA1 /* Cache.swift */ = {isa = PBXFileReference; lastKnownFileType = sourcecode.swift; path = Cache.swift; sourceTree = "<group>"; };
		BE7AD80524C2B16400C2FDA1 /* Cacheable.swift */ = {isa = PBXFileReference; lastKnownFileType = sourcecode.swift; path = Cacheable.swift; sourceTree = "<group>"; };
		BE7AD80724C2B63600C2FDA1 /* Dictionary+Codable.swift */ = {isa = PBXFileReference; lastKnownFileType = sourcecode.swift; path = "Dictionary+Codable.swift"; sourceTree = "<group>"; };
		BE7AD80924C2BDDD00C2FDA1 /* Collections.swift */ = {isa = PBXFileReference; lastKnownFileType = sourcecode.swift; path = Collections.swift; sourceTree = "<group>"; };
		BE7AD80B24C2C7E100C2FDA1 /* DataProvider.swift */ = {isa = PBXFileReference; lastKnownFileType = sourcecode.swift; path = DataProvider.swift; sourceTree = "<group>"; };
		BE7AD80D24C2CBBD00C2FDA1 /* DataProviderTests.swift */ = {isa = PBXFileReference; lastKnownFileType = sourcecode.swift; path = DataProviderTests.swift; sourceTree = "<group>"; };
		BE7AD80F24C2DC7400C2FDA1 /* CacheTests.swift */ = {isa = PBXFileReference; lastKnownFileType = sourcecode.swift; path = CacheTests.swift; sourceTree = "<group>"; };
		BE7AD81224C2E92A00C2FDA1 /* CoordinatorBase.swift */ = {isa = PBXFileReference; fileEncoding = 4; lastKnownFileType = sourcecode.swift; path = CoordinatorBase.swift; sourceTree = "<group>"; };
		BE7AD81424C2E92A00C2FDA1 /* ApplicationCoordinator.swift */ = {isa = PBXFileReference; fileEncoding = 4; lastKnownFileType = sourcecode.swift; path = ApplicationCoordinator.swift; sourceTree = "<group>"; };
		BE7AD81B24C2F31C00C2FDA1 /* SuggestedMealsCoordinator.swift */ = {isa = PBXFileReference; lastKnownFileType = sourcecode.swift; path = SuggestedMealsCoordinator.swift; sourceTree = "<group>"; };
		BE7AD81D24C2F48400C2FDA1 /* IngredientsListViewController.swift */ = {isa = PBXFileReference; lastKnownFileType = sourcecode.swift; path = IngredientsListViewController.swift; sourceTree = "<group>"; };
		BE7AD81F24C2F78100C2FDA1 /* IngredientDetailsViewController.swift */ = {isa = PBXFileReference; lastKnownFileType = sourcecode.swift; path = IngredientDetailsViewController.swift; sourceTree = "<group>"; };
		BE7AD82124C2F8A500C2FDA1 /* MealDetailsViewController.swift */ = {isa = PBXFileReference; lastKnownFileType = sourcecode.swift; path = MealDetailsViewController.swift; sourceTree = "<group>"; };
		BE7AD82324C2FAF300C2FDA1 /* FavoritesCoordinator.swift */ = {isa = PBXFileReference; lastKnownFileType = sourcecode.swift; path = FavoritesCoordinator.swift; sourceTree = "<group>"; };
		BE7AD82524C2FB3200C2FDA1 /* FavoritesViewController.swift */ = {isa = PBXFileReference; lastKnownFileType = sourcecode.swift; path = FavoritesViewController.swift; sourceTree = "<group>"; };
		BE7AD82924C3052C00C2FDA1 /* NavigationTests.swift */ = {isa = PBXFileReference; lastKnownFileType = sourcecode.swift; path = NavigationTests.swift; sourceTree = "<group>"; };
		BE7AD82C24C3072200C2FDA1 /* IngredientTableViewCell.swift */ = {isa = PBXFileReference; lastKnownFileType = sourcecode.swift; path = IngredientTableViewCell.swift; sourceTree = "<group>"; };
		BE7AD82D24C3072200C2FDA1 /* IngredientTableViewCell.xib */ = {isa = PBXFileReference; lastKnownFileType = file.xib; path = IngredientTableViewCell.xib; sourceTree = "<group>"; };
		BE7AD83024C30B4900C2FDA1 /* MealTableViewCell.swift */ = {isa = PBXFileReference; lastKnownFileType = sourcecode.swift; path = MealTableViewCell.swift; sourceTree = "<group>"; };
		BE7AD83124C30B4900C2FDA1 /* MealTableViewCell.xib */ = {isa = PBXFileReference; lastKnownFileType = file.xib; path = MealTableViewCell.xib; sourceTree = "<group>"; };
		BED5ADA524C1EFBE008338EE /* MealDBApp.app */ = {isa = PBXFileReference; explicitFileType = wrapper.application; includeInIndex = 0; path = MealDBApp.app; sourceTree = BUILT_PRODUCTS_DIR; };
		BED5ADA824C1EFBE008338EE /* AppDelegate.swift */ = {isa = PBXFileReference; lastKnownFileType = sourcecode.swift; path = AppDelegate.swift; sourceTree = "<group>"; };
		BED5ADB424C1EFC0008338EE /* Assets.xcassets */ = {isa = PBXFileReference; lastKnownFileType = folder.assetcatalog; path = Assets.xcassets; sourceTree = "<group>"; };
		BED5ADB724C1EFC0008338EE /* Base */ = {isa = PBXFileReference; lastKnownFileType = file.storyboard; name = Base; path = Base.lproj/LaunchScreen.storyboard; sourceTree = "<group>"; };
		BED5ADB924C1EFC0008338EE /* Info.plist */ = {isa = PBXFileReference; lastKnownFileType = text.plist.xml; path = Info.plist; sourceTree = "<group>"; };
		BED5ADBE24C1EFC0008338EE /* MealDBAppTests.xctest */ = {isa = PBXFileReference; explicitFileType = wrapper.cfbundle; includeInIndex = 0; path = MealDBAppTests.xctest; sourceTree = BUILT_PRODUCTS_DIR; };
		BED5ADC224C1EFC0008338EE /* APIClientTests.swift */ = {isa = PBXFileReference; lastKnownFileType = sourcecode.swift; path = APIClientTests.swift; sourceTree = "<group>"; };
		BED5ADC424C1EFC0008338EE /* Info.plist */ = {isa = PBXFileReference; lastKnownFileType = text.plist.xml; path = Info.plist; sourceTree = "<group>"; };
		BED5ADC924C1EFC0008338EE /* MealDBAppUITests.xctest */ = {isa = PBXFileReference; explicitFileType = wrapper.cfbundle; includeInIndex = 0; path = MealDBAppUITests.xctest; sourceTree = BUILT_PRODUCTS_DIR; };
		BED5ADCD24C1EFC0008338EE /* MealDBAppUITests.swift */ = {isa = PBXFileReference; lastKnownFileType = sourcecode.swift; path = MealDBAppUITests.swift; sourceTree = "<group>"; };
		BED5ADCF24C1EFC0008338EE /* Info.plist */ = {isa = PBXFileReference; lastKnownFileType = text.plist.xml; path = Info.plist; sourceTree = "<group>"; };
		C9D72C396EC16CD203E4A44C /* Pods-MealDBAppTests.debug.xcconfig */ = {isa = PBXFileReference; includeInIndex = 1; lastKnownFileType = text.xcconfig; name = "Pods-MealDBAppTests.debug.xcconfig"; path = "Target Support Files/Pods-MealDBAppTests/Pods-MealDBAppTests.debug.xcconfig"; sourceTree = "<group>"; };
		DA3D23283E55860191E98617 /* Pods_MealDBApp.framework */ = {isa = PBXFileReference; explicitFileType = wrapper.framework; includeInIndex = 0; path = Pods_MealDBApp.framework; sourceTree = BUILT_PRODUCTS_DIR; };
		DFE75BF18C499FB3ED8ADC3C /* Pods-MealDBApp-MealDBAppUITests.debug.xcconfig */ = {isa = PBXFileReference; includeInIndex = 1; lastKnownFileType = text.xcconfig; name = "Pods-MealDBApp-MealDBAppUITests.debug.xcconfig"; path = "Target Support Files/Pods-MealDBApp-MealDBAppUITests/Pods-MealDBApp-MealDBAppUITests.debug.xcconfig"; sourceTree = "<group>"; };
		E3AE8C879175B9460A109306 /* Pods_MealDBAppTests.framework */ = {isa = PBXFileReference; explicitFileType = wrapper.framework; includeInIndex = 0; path = Pods_MealDBAppTests.framework; sourceTree = BUILT_PRODUCTS_DIR; };
		EDED46D6BD96ED2105DF7B0F /* Pods-MealDBApp.debug.xcconfig */ = {isa = PBXFileReference; includeInIndex = 1; lastKnownFileType = text.xcconfig; name = "Pods-MealDBApp.debug.xcconfig"; path = "Target Support Files/Pods-MealDBApp/Pods-MealDBApp.debug.xcconfig"; sourceTree = "<group>"; };
		EF6B0B9D8D8E6FB4B594A7F1 /* Pods-MealDBApp-MealDBAppUITests.release.xcconfig */ = {isa = PBXFileReference; includeInIndex = 1; lastKnownFileType = text.xcconfig; name = "Pods-MealDBApp-MealDBAppUITests.release.xcconfig"; path = "Target Support Files/Pods-MealDBApp-MealDBAppUITests/Pods-MealDBApp-MealDBAppUITests.release.xcconfig"; sourceTree = "<group>"; };
/* End PBXFileReference section */

/* Begin PBXFrameworksBuildPhase section */
		BED5ADA224C1EFBE008338EE /* Frameworks */ = {
			isa = PBXFrameworksBuildPhase;
			buildActionMask = 2147483647;
			files = (
				1DE8D457F87FAB75C0969EA2 /* Pods_MealDBApp.framework in Frameworks */,
			);
			runOnlyForDeploymentPostprocessing = 0;
		};
		BED5ADBB24C1EFC0008338EE /* Frameworks */ = {
			isa = PBXFrameworksBuildPhase;
			buildActionMask = 2147483647;
			files = (
				7EC1DF162BB1F898C1DDB838 /* Pods_MealDBAppTests.framework in Frameworks */,
			);
			runOnlyForDeploymentPostprocessing = 0;
		};
		BED5ADC624C1EFC0008338EE /* Frameworks */ = {
			isa = PBXFrameworksBuildPhase;
			buildActionMask = 2147483647;
			files = (
				BE2B38A840508FF2A5B939AD /* Pods_MealDBApp_MealDBAppUITests.framework in Frameworks */,
			);
			runOnlyForDeploymentPostprocessing = 0;
		};
/* End PBXFrameworksBuildPhase section */

/* Begin PBXGroup section */
		9F5A4E1D701ED149C8722226 /* Pods */ = {
			isa = PBXGroup;
			children = (
				EDED46D6BD96ED2105DF7B0F /* Pods-MealDBApp.debug.xcconfig */,
				739E1FE27FCBA65EF1A573E0 /* Pods-MealDBApp.release.xcconfig */,
				DFE75BF18C499FB3ED8ADC3C /* Pods-MealDBApp-MealDBAppUITests.debug.xcconfig */,
				EF6B0B9D8D8E6FB4B594A7F1 /* Pods-MealDBApp-MealDBAppUITests.release.xcconfig */,
				C9D72C396EC16CD203E4A44C /* Pods-MealDBAppTests.debug.xcconfig */,
				B1FE3F48FB5EB1B5857AE640 /* Pods-MealDBAppTests.release.xcconfig */,
			);
			path = Pods;
			sourceTree = "<group>";
		};
		BE18DBC524C3FBDD001052F6 /* Extras */ = {
			isa = PBXGroup;
			children = (
				BE18DBC324C3FB6E001052F6 /* AppDelegate+Setup.swift */,
				BE18DBC624C3FBF2001052F6 /* CustomNavigationController.swift */,
				BE18DBC824C414AF001052F6 /* UIImage+Extensions.swift */,
				BE18DBCA24C42941001052F6 /* PaddedLabel.swift */,
				BE18DBCC24C4304A001052F6 /* String+Extensions.swift */,
			);
			path = Extras;
			sourceTree = "<group>";
		};
		BE4FB63E24C32F9C00244047 /* Views */ = {
			isa = PBXGroup;
			children = (
				BE4FB63F24C32FCA00244047 /* MealDetailView.swift */,
				BE4FB64124C32FD600244047 /* MealDetailView.xib */,
			);
			path = Views;
			sourceTree = "<group>";
		};
		BE7AD7E824C297D500C2FDA1 /* Models */ = {
			isa = PBXGroup;
			children = (
				BE7AD7E924C297E100C2FDA1 /* Meal.swift */,
				BE7AD7F824C2A05000C2FDA1 /* Ingredient.swift */,
				BE7AD80924C2BDDD00C2FDA1 /* Collections.swift */,
				BE7AD80B24C2C7E100C2FDA1 /* DataProvider.swift */,
			);
			path = Models;
			sourceTree = "<group>";
		};
		BE7AD7EB24C298E200C2FDA1 /* Networking */ = {
			isa = PBXGroup;
			children = (
				BE7AD7EC24C2992600C2FDA1 /* APIClient.swift */,
				BE7AD7FC24C2A36D00C2FDA1 /* Extras */,
			);
			path = Networking;
			sourceTree = "<group>";
		};
		BE7AD7FC24C2A36D00C2FDA1 /* Extras */ = {
			isa = PBXGroup;
			children = (
				BE7AD7EE24C2994100C2FDA1 /* URLSession+Mocking.swift */,
				BE7AD7F024C2996000C2FDA1 /* Data+Decoding.swift */,
				BE7AD7FA24C2A36700C2FDA1 /* MealDBAPIClient+Decoding.swift */,
			);
			path = Extras;
			sourceTree = "<group>";
		};
		BE7AD7FD24C2A52500C2FDA1 /* Test Helpers */ = {
			isa = PBXGroup;
			children = (
				BE7AD7F624C29F8800C2FDA1 /* json-data.bundle */,
				BE7AD7F224C29E0100C2FDA1 /* TestUtilities.swift */,
				BE7AD7F424C29E4A00C2FDA1 /* MockObjects.swift */,
			);
			name = "Test Helpers";
			sourceTree = "<group>";
		};
		BE7AD7FE24C2A5F400C2FDA1 /* Storage */ = {
			isa = PBXGroup;
			children = (
				BE7AD80324C2AD8000C2FDA1 /* Extras */,
				BE7AD80124C2AB6B00C2FDA1 /* Cache.swift */,
			);
			path = Storage;
			sourceTree = "<group>";
		};
		BE7AD80324C2AD8000C2FDA1 /* Extras */ = {
			isa = PBXGroup;
			children = (
				BE7AD80524C2B16400C2FDA1 /* Cacheable.swift */,
				BE7AD7FF24C2A61E00C2FDA1 /* Persistence.swift */,
				BE7AD80724C2B63600C2FDA1 /* Dictionary+Codable.swift */,
			);
			path = Extras;
			sourceTree = "<group>";
		};
		BE7AD81124C2E90200C2FDA1 /* Navigation */ = {
			isa = PBXGroup;
			children = (
				BE7AD81824C2E9FC00C2FDA1 /* Extras */,
				BE7AD81424C2E92A00C2FDA1 /* ApplicationCoordinator.swift */,
				BE7AD81B24C2F31C00C2FDA1 /* SuggestedMealsCoordinator.swift */,
				BE7AD82324C2FAF300C2FDA1 /* FavoritesCoordinator.swift */,
			);
			path = Navigation;
			sourceTree = "<group>";
		};
		BE7AD81824C2E9FC00C2FDA1 /* Extras */ = {
			isa = PBXGroup;
			children = (
				BE7AD81224C2E92A00C2FDA1 /* CoordinatorBase.swift */,
			);
			path = Extras;
			sourceTree = "<group>";
		};
		BE7AD82B24C3070200C2FDA1 /* Cells */ = {
			isa = PBXGroup;
			children = (
				BE7AD82C24C3072200C2FDA1 /* IngredientTableViewCell.swift */,
				BE7AD82D24C3072200C2FDA1 /* IngredientTableViewCell.xib */,
				BE7AD83024C30B4900C2FDA1 /* MealTableViewCell.swift */,
				BE7AD83124C30B4900C2FDA1 /* MealTableViewCell.xib */,
			);
			path = Cells;
			sourceTree = "<group>";
		};
		BED5AD9C24C1EFBE008338EE = {
			isa = PBXGroup;
			children = (
				BED5ADA724C1EFBE008338EE /* MealDBApp */,
				BED5ADC124C1EFC0008338EE /* MealDBAppTests */,
				BED5ADCC24C1EFC0008338EE /* MealDBAppUITests */,
				BED5ADA624C1EFBE008338EE /* Products */,
				9F5A4E1D701ED149C8722226 /* Pods */,
				D6585A2E9FF020F050603451 /* Frameworks */,
			);
			sourceTree = "<group>";
		};
		BED5ADA624C1EFBE008338EE /* Products */ = {
			isa = PBXGroup;
			children = (
				BED5ADA524C1EFBE008338EE /* MealDBApp.app */,
				BED5ADBE24C1EFC0008338EE /* MealDBAppTests.xctest */,
				BED5ADC924C1EFC0008338EE /* MealDBAppUITests.xctest */,
			);
			name = Products;
			sourceTree = "<group>";
		};
		BED5ADA724C1EFBE008338EE /* MealDBApp */ = {
			isa = PBXGroup;
			children = (
				BE18DBC524C3FBDD001052F6 /* Extras */,
				BE7AD81124C2E90200C2FDA1 /* Navigation */,
				BE7AD7FE24C2A5F400C2FDA1 /* Storage */,
				BE7AD7EB24C298E200C2FDA1 /* Networking */,
				BE7AD7E824C297D500C2FDA1 /* Models */,
				BED5ADA824C1EFBE008338EE /* AppDelegate.swift */,
				BED5ADB424C1EFC0008338EE /* Assets.xcassets */,
				BED5ADB624C1EFC0008338EE /* LaunchScreen.storyboard */,
				BED5ADB924C1EFC0008338EE /* Info.plist */,
				BE4FB63E24C32F9C00244047 /* Views */,
				BE7AD82B24C3070200C2FDA1 /* Cells */,
				BE7AD81D24C2F48400C2FDA1 /* IngredientsListViewController.swift */,
				BE7AD81F24C2F78100C2FDA1 /* IngredientDetailsViewController.swift */,
				BE7AD82124C2F8A500C2FDA1 /* MealDetailsViewController.swift */,
				BE7AD82524C2FB3200C2FDA1 /* FavoritesViewController.swift */,
			);
			path = MealDBApp;
			sourceTree = "<group>";
		};
		BED5ADC124C1EFC0008338EE /* MealDBAppTests */ = {
			isa = PBXGroup;
			children = (
				BED5ADC224C1EFC0008338EE /* APIClientTests.swift */,
				BE18DBCE24C435B7001052F6 /* MealTests.swift */,
				BE7AD80D24C2CBBD00C2FDA1 /* DataProviderTests.swift */,
				BE7AD80F24C2DC7400C2FDA1 /* CacheTests.swift */,
				BE7AD7FD24C2A52500C2FDA1 /* Test Helpers */,
				BED5ADC424C1EFC0008338EE /* Info.plist */,
				BE7AD82924C3052C00C2FDA1 /* NavigationTests.swift */,
			);
			path = MealDBAppTests;
			sourceTree = "<group>";
		};
		BED5ADCC24C1EFC0008338EE /* MealDBAppUITests */ = {
			isa = PBXGroup;
			children = (
				BED5ADCD24C1EFC0008338EE /* MealDBAppUITests.swift */,
				BED5ADCF24C1EFC0008338EE /* Info.plist */,
			);
			path = MealDBAppUITests;
			sourceTree = "<group>";
		};
		D6585A2E9FF020F050603451 /* Frameworks */ = {
			isa = PBXGroup;
			children = (
				DA3D23283E55860191E98617 /* Pods_MealDBApp.framework */,
				2C9B1B5E73D12DFC663094E0 /* Pods_MealDBApp_MealDBAppUITests.framework */,
				E3AE8C879175B9460A109306 /* Pods_MealDBAppTests.framework */,
			);
			name = Frameworks;
			sourceTree = "<group>";
		};
/* End PBXGroup section */

/* Begin PBXNativeTarget section */
		BED5ADA424C1EFBE008338EE /* MealDBApp */ = {
			isa = PBXNativeTarget;
			buildConfigurationList = BED5ADD224C1EFC0008338EE /* Build configuration list for PBXNativeTarget "MealDBApp" */;
			buildPhases = (
				C852426A791EBC3DEEB08AFE /* [CP] Check Pods Manifest.lock */,
				BED5ADA124C1EFBE008338EE /* Sources */,
				BED5ADA224C1EFBE008338EE /* Frameworks */,
				BED5ADA324C1EFBE008338EE /* Resources */,
				88EA9997818840A9C695E2EF /* [CP] Embed Pods Frameworks */,
			);
			buildRules = (
			);
			dependencies = (
			);
			name = MealDBApp;
			productName = MealDBApp;
			productReference = BED5ADA524C1EFBE008338EE /* MealDBApp.app */;
			productType = "com.apple.product-type.application";
		};
		BED5ADBD24C1EFC0008338EE /* MealDBAppTests */ = {
			isa = PBXNativeTarget;
			buildConfigurationList = BED5ADD524C1EFC0008338EE /* Build configuration list for PBXNativeTarget "MealDBAppTests" */;
			buildPhases = (
				836F742294DC29A420D53930 /* [CP] Check Pods Manifest.lock */,
				BED5ADBA24C1EFC0008338EE /* Sources */,
				BED5ADBB24C1EFC0008338EE /* Frameworks */,
				BED5ADBC24C1EFC0008338EE /* Resources */,
			);
			buildRules = (
			);
			dependencies = (
				BED5ADC024C1EFC0008338EE /* PBXTargetDependency */,
			);
			name = MealDBAppTests;
			productName = MealDBAppTests;
			productReference = BED5ADBE24C1EFC0008338EE /* MealDBAppTests.xctest */;
			productType = "com.apple.product-type.bundle.unit-test";
		};
		BED5ADC824C1EFC0008338EE /* MealDBAppUITests */ = {
			isa = PBXNativeTarget;
			buildConfigurationList = BED5ADD824C1EFC0008338EE /* Build configuration list for PBXNativeTarget "MealDBAppUITests" */;
			buildPhases = (
				B094B4FA8AE7E546266684D1 /* [CP] Check Pods Manifest.lock */,
				BED5ADC524C1EFC0008338EE /* Sources */,
				BED5ADC624C1EFC0008338EE /* Frameworks */,
				BED5ADC724C1EFC0008338EE /* Resources */,
				E3B5F560AD0D7E35F014E69A /* [CP] Embed Pods Frameworks */,
			);
			buildRules = (
			);
			dependencies = (
				BED5ADCB24C1EFC0008338EE /* PBXTargetDependency */,
			);
			name = MealDBAppUITests;
			productName = MealDBAppUITests;
			productReference = BED5ADC924C1EFC0008338EE /* MealDBAppUITests.xctest */;
			productType = "com.apple.product-type.bundle.ui-testing";
		};
/* End PBXNativeTarget section */

/* Begin PBXProject section */
		BED5AD9D24C1EFBE008338EE /* Project object */ = {
			isa = PBXProject;
			attributes = {
				LastSwiftUpdateCheck = 1150;
				LastUpgradeCheck = 1150;
				ORGANIZATIONNAME = "Aldrich Co";
				TargetAttributes = {
					BED5ADA424C1EFBE008338EE = {
						CreatedOnToolsVersion = 11.5;
					};
					BED5ADBD24C1EFC0008338EE = {
						CreatedOnToolsVersion = 11.5;
						TestTargetID = BED5ADA424C1EFBE008338EE;
					};
					BED5ADC824C1EFC0008338EE = {
						CreatedOnToolsVersion = 11.5;
						TestTargetID = BED5ADA424C1EFBE008338EE;
					};
				};
			};
			buildConfigurationList = BED5ADA024C1EFBE008338EE /* Build configuration list for PBXProject "MealDBApp" */;
			compatibilityVersion = "Xcode 9.3";
			developmentRegion = en;
			hasScannedForEncodings = 0;
			knownRegions = (
				en,
				Base,
			);
			mainGroup = BED5AD9C24C1EFBE008338EE;
			productRefGroup = BED5ADA624C1EFBE008338EE /* Products */;
			projectDirPath = "";
			projectRoot = "";
			targets = (
				BED5ADA424C1EFBE008338EE /* MealDBApp */,
				BED5ADBD24C1EFC0008338EE /* MealDBAppTests */,
				BED5ADC824C1EFC0008338EE /* MealDBAppUITests */,
			);
		};
/* End PBXProject section */

/* Begin PBXResourcesBuildPhase section */
		BED5ADA324C1EFBE008338EE /* Resources */ = {
			isa = PBXResourcesBuildPhase;
			buildActionMask = 2147483647;
			files = (
				BE7AD83324C30B4900C2FDA1 /* MealTableViewCell.xib in Resources */,
				BE7AD82F24C3072200C2FDA1 /* IngredientTableViewCell.xib in Resources */,
				BED5ADB824C1EFC0008338EE /* LaunchScreen.storyboard in Resources */,
				BED5ADB524C1EFC0008338EE /* Assets.xcassets in Resources */,
				BE4FB64224C32FD600244047 /* MealDetailView.xib in Resources */,
			);
			runOnlyForDeploymentPostprocessing = 0;
		};
		BED5ADBC24C1EFC0008338EE /* Resources */ = {
			isa = PBXResourcesBuildPhase;
			buildActionMask = 2147483647;
			files = (
				BE7AD7F724C29F8800C2FDA1 /* json-data.bundle in Resources */,
			);
			runOnlyForDeploymentPostprocessing = 0;
		};
		BED5ADC724C1EFC0008338EE /* Resources */ = {
			isa = PBXResourcesBuildPhase;
			buildActionMask = 2147483647;
			files = (
			);
			runOnlyForDeploymentPostprocessing = 0;
		};
/* End PBXResourcesBuildPhase section */

/* Begin PBXShellScriptBuildPhase section */
		836F742294DC29A420D53930 /* [CP] Check Pods Manifest.lock */ = {
			isa = PBXShellScriptBuildPhase;
			buildActionMask = 2147483647;
			files = (
			);
			inputFileListPaths = (
			);
			inputPaths = (
				"${PODS_PODFILE_DIR_PATH}/Podfile.lock",
				"${PODS_ROOT}/Manifest.lock",
			);
			name = "[CP] Check Pods Manifest.lock";
			outputFileListPaths = (
			);
			outputPaths = (
				"$(DERIVED_FILE_DIR)/Pods-MealDBAppTests-checkManifestLockResult.txt",
			);
			runOnlyForDeploymentPostprocessing = 0;
			shellPath = /bin/sh;
			shellScript = "diff \"${PODS_PODFILE_DIR_PATH}/Podfile.lock\" \"${PODS_ROOT}/Manifest.lock\" > /dev/null\nif [ $? != 0 ] ; then\n    # print error to STDERR\n    echo \"error: The sandbox is not in sync with the Podfile.lock. Run 'pod install' or update your CocoaPods installation.\" >&2\n    exit 1\nfi\n# This output is used by Xcode 'outputs' to avoid re-running this script phase.\necho \"SUCCESS\" > \"${SCRIPT_OUTPUT_FILE_0}\"\n";
			showEnvVarsInLog = 0;
		};
		88EA9997818840A9C695E2EF /* [CP] Embed Pods Frameworks */ = {
			isa = PBXShellScriptBuildPhase;
			buildActionMask = 2147483647;
			files = (
			);
			inputFileListPaths = (
				"${PODS_ROOT}/Target Support Files/Pods-MealDBApp/Pods-MealDBApp-frameworks-${CONFIGURATION}-input-files.xcfilelist",
			);
			name = "[CP] Embed Pods Frameworks";
			outputFileListPaths = (
				"${PODS_ROOT}/Target Support Files/Pods-MealDBApp/Pods-MealDBApp-frameworks-${CONFIGURATION}-output-files.xcfilelist",
			);
			runOnlyForDeploymentPostprocessing = 0;
			shellPath = /bin/sh;
			shellScript = "\"${PODS_ROOT}/Target Support Files/Pods-MealDBApp/Pods-MealDBApp-frameworks.sh\"\n";
			showEnvVarsInLog = 0;
		};
		B094B4FA8AE7E546266684D1 /* [CP] Check Pods Manifest.lock */ = {
			isa = PBXShellScriptBuildPhase;
			buildActionMask = 2147483647;
			files = (
			);
			inputFileListPaths = (
			);
			inputPaths = (
				"${PODS_PODFILE_DIR_PATH}/Podfile.lock",
				"${PODS_ROOT}/Manifest.lock",
			);
			name = "[CP] Check Pods Manifest.lock";
			outputFileListPaths = (
			);
			outputPaths = (
				"$(DERIVED_FILE_DIR)/Pods-MealDBApp-MealDBAppUITests-checkManifestLockResult.txt",
			);
			runOnlyForDeploymentPostprocessing = 0;
			shellPath = /bin/sh;
			shellScript = "diff \"${PODS_PODFILE_DIR_PATH}/Podfile.lock\" \"${PODS_ROOT}/Manifest.lock\" > /dev/null\nif [ $? != 0 ] ; then\n    # print error to STDERR\n    echo \"error: The sandbox is not in sync with the Podfile.lock. Run 'pod install' or update your CocoaPods installation.\" >&2\n    exit 1\nfi\n# This output is used by Xcode 'outputs' to avoid re-running this script phase.\necho \"SUCCESS\" > \"${SCRIPT_OUTPUT_FILE_0}\"\n";
			showEnvVarsInLog = 0;
		};
		C852426A791EBC3DEEB08AFE /* [CP] Check Pods Manifest.lock */ = {
			isa = PBXShellScriptBuildPhase;
			buildActionMask = 2147483647;
			files = (
			);
			inputFileListPaths = (
			);
			inputPaths = (
				"${PODS_PODFILE_DIR_PATH}/Podfile.lock",
				"${PODS_ROOT}/Manifest.lock",
			);
			name = "[CP] Check Pods Manifest.lock";
			outputFileListPaths = (
			);
			outputPaths = (
				"$(DERIVED_FILE_DIR)/Pods-MealDBApp-checkManifestLockResult.txt",
			);
			runOnlyForDeploymentPostprocessing = 0;
			shellPath = /bin/sh;
			shellScript = "diff \"${PODS_PODFILE_DIR_PATH}/Podfile.lock\" \"${PODS_ROOT}/Manifest.lock\" > /dev/null\nif [ $? != 0 ] ; then\n    # print error to STDERR\n    echo \"error: The sandbox is not in sync with the Podfile.lock. Run 'pod install' or update your CocoaPods installation.\" >&2\n    exit 1\nfi\n# This output is used by Xcode 'outputs' to avoid re-running this script phase.\necho \"SUCCESS\" > \"${SCRIPT_OUTPUT_FILE_0}\"\n";
			showEnvVarsInLog = 0;
		};
		E3B5F560AD0D7E35F014E69A /* [CP] Embed Pods Frameworks */ = {
			isa = PBXShellScriptBuildPhase;
			buildActionMask = 2147483647;
			files = (
			);
			inputFileListPaths = (
				"${PODS_ROOT}/Target Support Files/Pods-MealDBApp-MealDBAppUITests/Pods-MealDBApp-MealDBAppUITests-frameworks-${CONFIGURATION}-input-files.xcfilelist",
			);
			name = "[CP] Embed Pods Frameworks";
			outputFileListPaths = (
				"${PODS_ROOT}/Target Support Files/Pods-MealDBApp-MealDBAppUITests/Pods-MealDBApp-MealDBAppUITests-frameworks-${CONFIGURATION}-output-files.xcfilelist",
			);
			runOnlyForDeploymentPostprocessing = 0;
			shellPath = /bin/sh;
			shellScript = "\"${PODS_ROOT}/Target Support Files/Pods-MealDBApp-MealDBAppUITests/Pods-MealDBApp-MealDBAppUITests-frameworks.sh\"\n";
			showEnvVarsInLog = 0;
		};
/* End PBXShellScriptBuildPhase section */

/* Begin PBXSourcesBuildPhase section */
		BED5ADA124C1EFBE008338EE /* Sources */ = {
			isa = PBXSourcesBuildPhase;
			buildActionMask = 2147483647;
			files = (
				BE7AD7F124C2996000C2FDA1 /* Data+Decoding.swift in Sources */,
				BE7AD7EA24C297E100C2FDA1 /* Meal.swift in Sources */,
				BE7AD80C24C2C7E100C2FDA1 /* DataProvider.swift in Sources */,
				BE7AD7F924C2A05000C2FDA1 /* Ingredient.swift in Sources */,
				BE7AD82024C2F78100C2FDA1 /* IngredientDetailsViewController.swift in Sources */,
				BE18DBC424C3FB6E001052F6 /* AppDelegate+Setup.swift in Sources */,
				BE7AD82824C3007300C2FDA1 /* FavoritesViewController.swift in Sources */,
				BE7AD7FB24C2A36700C2FDA1 /* MealDBAPIClient+Decoding.swift in Sources */,
				BE7AD80224C2AB6B00C2FDA1 /* Cache.swift in Sources */,
				BE7AD7EF24C2994100C2FDA1 /* URLSession+Mocking.swift in Sources */,
				BE7AD7ED24C2992600C2FDA1 /* APIClient.swift in Sources */,
				BE7AD82E24C3072200C2FDA1 /* IngredientTableViewCell.swift in Sources */,
				BE7AD81E24C2F48400C2FDA1 /* IngredientsListViewController.swift in Sources */,
				BE18DBC724C3FBF2001052F6 /* CustomNavigationController.swift in Sources */,
				BE4FB64024C32FCA00244047 /* MealDetailView.swift in Sources */,
				BE7AD83224C30B4900C2FDA1 /* MealTableViewCell.swift in Sources */,
				BE7AD81524C2E92A00C2FDA1 /* CoordinatorBase.swift in Sources */,
				BE7AD80A24C2BDDD00C2FDA1 /* Collections.swift in Sources */,
				BE18DBCB24C42941001052F6 /* PaddedLabel.swift in Sources */,
				BE7AD80424C2AF1100C2FDA1 /* Persistence.swift in Sources */,
				BE7AD81C24C2F31C00C2FDA1 /* SuggestedMealsCoordinator.swift in Sources */,
				BED5ADA924C1EFBE008338EE /* AppDelegate.swift in Sources */,
				BE7AD81724C2E92A00C2FDA1 /* ApplicationCoordinator.swift in Sources */,
				BE7AD82724C3000900C2FDA1 /* FavoritesCoordinator.swift in Sources */,
				BE18DBCD24C4304A001052F6 /* String+Extensions.swift in Sources */,
				BE7AD80824C2B63600C2FDA1 /* Dictionary+Codable.swift in Sources */,
				BE18DBC924C414AF001052F6 /* UIImage+Extensions.swift in Sources */,
				BE7AD82224C2F8A500C2FDA1 /* MealDetailsViewController.swift in Sources */,
				BE7AD80624C2B16400C2FDA1 /* Cacheable.swift in Sources */,
			);
			runOnlyForDeploymentPostprocessing = 0;
		};
		BED5ADBA24C1EFC0008338EE /* Sources */ = {
			isa = PBXSourcesBuildPhase;
			buildActionMask = 2147483647;
			files = (
				BE7AD80E24C2CBBD00C2FDA1 /* DataProviderTests.swift in Sources */,
				BE7AD82A24C3052C00C2FDA1 /* NavigationTests.swift in Sources */,
				BE18DBCF24C435B7001052F6 /* MealTests.swift in Sources */,
				BE7AD7F324C29E0100C2FDA1 /* TestUtilities.swift in Sources */,
				BE7AD7F524C29E4A00C2FDA1 /* MockObjects.swift in Sources */,
				BED5ADC324C1EFC0008338EE /* APIClientTests.swift in Sources */,
				BE7AD81024C2DC7400C2FDA1 /* CacheTests.swift in Sources */,
			);
			runOnlyForDeploymentPostprocessing = 0;
		};
		BED5ADC524C1EFC0008338EE /* Sources */ = {
			isa = PBXSourcesBuildPhase;
			buildActionMask = 2147483647;
			files = (
				BED5ADCE24C1EFC0008338EE /* MealDBAppUITests.swift in Sources */,
			);
			runOnlyForDeploymentPostprocessing = 0;
		};
/* End PBXSourcesBuildPhase section */

/* Begin PBXTargetDependency section */
		BED5ADC024C1EFC0008338EE /* PBXTargetDependency */ = {
			isa = PBXTargetDependency;
			target = BED5ADA424C1EFBE008338EE /* MealDBApp */;
			targetProxy = BED5ADBF24C1EFC0008338EE /* PBXContainerItemProxy */;
		};
		BED5ADCB24C1EFC0008338EE /* PBXTargetDependency */ = {
			isa = PBXTargetDependency;
			target = BED5ADA424C1EFBE008338EE /* MealDBApp */;
			targetProxy = BED5ADCA24C1EFC0008338EE /* PBXContainerItemProxy */;
		};
/* End PBXTargetDependency section */

/* Begin PBXVariantGroup section */
		BED5ADB624C1EFC0008338EE /* LaunchScreen.storyboard */ = {
			isa = PBXVariantGroup;
			children = (
				BED5ADB724C1EFC0008338EE /* Base */,
			);
			name = LaunchScreen.storyboard;
			sourceTree = "<group>";
		};
/* End PBXVariantGroup section */

/* Begin XCBuildConfiguration section */
		BED5ADD024C1EFC0008338EE /* Debug */ = {
			isa = XCBuildConfiguration;
			buildSettings = {
				ALWAYS_SEARCH_USER_PATHS = NO;
				CLANG_ANALYZER_NONNULL = YES;
				CLANG_ANALYZER_NUMBER_OBJECT_CONVERSION = YES_AGGRESSIVE;
				CLANG_CXX_LANGUAGE_STANDARD = "gnu++14";
				CLANG_CXX_LIBRARY = "libc++";
				CLANG_ENABLE_MODULES = YES;
				CLANG_ENABLE_OBJC_ARC = YES;
				CLANG_ENABLE_OBJC_WEAK = YES;
				CLANG_WARN_BLOCK_CAPTURE_AUTORELEASING = YES;
				CLANG_WARN_BOOL_CONVERSION = YES;
				CLANG_WARN_COMMA = YES;
				CLANG_WARN_CONSTANT_CONVERSION = YES;
				CLANG_WARN_DEPRECATED_OBJC_IMPLEMENTATIONS = YES;
				CLANG_WARN_DIRECT_OBJC_ISA_USAGE = YES_ERROR;
				CLANG_WARN_DOCUMENTATION_COMMENTS = YES;
				CLANG_WARN_EMPTY_BODY = YES;
				CLANG_WARN_ENUM_CONVERSION = YES;
				CLANG_WARN_INFINITE_RECURSION = YES;
				CLANG_WARN_INT_CONVERSION = YES;
				CLANG_WARN_NON_LITERAL_NULL_CONVERSION = YES;
				CLANG_WARN_OBJC_IMPLICIT_RETAIN_SELF = YES;
				CLANG_WARN_OBJC_LITERAL_CONVERSION = YES;
				CLANG_WARN_OBJC_ROOT_CLASS = YES_ERROR;
				CLANG_WARN_RANGE_LOOP_ANALYSIS = YES;
				CLANG_WARN_STRICT_PROTOTYPES = YES;
				CLANG_WARN_SUSPICIOUS_MOVE = YES;
				CLANG_WARN_UNGUARDED_AVAILABILITY = YES_AGGRESSIVE;
				CLANG_WARN_UNREACHABLE_CODE = YES;
				CLANG_WARN__DUPLICATE_METHOD_MATCH = YES;
				COPY_PHASE_STRIP = NO;
				DEBUG_INFORMATION_FORMAT = dwarf;
				ENABLE_STRICT_OBJC_MSGSEND = YES;
				ENABLE_TESTABILITY = YES;
				GCC_C_LANGUAGE_STANDARD = gnu11;
				GCC_DYNAMIC_NO_PIC = NO;
				GCC_NO_COMMON_BLOCKS = YES;
				GCC_OPTIMIZATION_LEVEL = 0;
				GCC_PREPROCESSOR_DEFINITIONS = (
					"DEBUG=1",
					"$(inherited)",
				);
				GCC_WARN_64_TO_32_BIT_CONVERSION = YES;
				GCC_WARN_ABOUT_RETURN_TYPE = YES_ERROR;
				GCC_WARN_UNDECLARED_SELECTOR = YES;
				GCC_WARN_UNINITIALIZED_AUTOS = YES_AGGRESSIVE;
				GCC_WARN_UNUSED_FUNCTION = YES;
				GCC_WARN_UNUSED_VARIABLE = YES;
				IPHONEOS_DEPLOYMENT_TARGET = 13.5;
				MTL_ENABLE_DEBUG_INFO = INCLUDE_SOURCE;
				MTL_FAST_MATH = YES;
				ONLY_ACTIVE_ARCH = YES;
				SDKROOT = iphoneos;
				SWIFT_ACTIVE_COMPILATION_CONDITIONS = DEBUG;
				SWIFT_OPTIMIZATION_LEVEL = "-Onone";
			};
			name = Debug;
		};
		BED5ADD124C1EFC0008338EE /* Release */ = {
			isa = XCBuildConfiguration;
			buildSettings = {
				ALWAYS_SEARCH_USER_PATHS = NO;
				CLANG_ANALYZER_NONNULL = YES;
				CLANG_ANALYZER_NUMBER_OBJECT_CONVERSION = YES_AGGRESSIVE;
				CLANG_CXX_LANGUAGE_STANDARD = "gnu++14";
				CLANG_CXX_LIBRARY = "libc++";
				CLANG_ENABLE_MODULES = YES;
				CLANG_ENABLE_OBJC_ARC = YES;
				CLANG_ENABLE_OBJC_WEAK = YES;
				CLANG_WARN_BLOCK_CAPTURE_AUTORELEASING = YES;
				CLANG_WARN_BOOL_CONVERSION = YES;
				CLANG_WARN_COMMA = YES;
				CLANG_WARN_CONSTANT_CONVERSION = YES;
				CLANG_WARN_DEPRECATED_OBJC_IMPLEMENTATIONS = YES;
				CLANG_WARN_DIRECT_OBJC_ISA_USAGE = YES_ERROR;
				CLANG_WARN_DOCUMENTATION_COMMENTS = YES;
				CLANG_WARN_EMPTY_BODY = YES;
				CLANG_WARN_ENUM_CONVERSION = YES;
				CLANG_WARN_INFINITE_RECURSION = YES;
				CLANG_WARN_INT_CONVERSION = YES;
				CLANG_WARN_NON_LITERAL_NULL_CONVERSION = YES;
				CLANG_WARN_OBJC_IMPLICIT_RETAIN_SELF = YES;
				CLANG_WARN_OBJC_LITERAL_CONVERSION = YES;
				CLANG_WARN_OBJC_ROOT_CLASS = YES_ERROR;
				CLANG_WARN_RANGE_LOOP_ANALYSIS = YES;
				CLANG_WARN_STRICT_PROTOTYPES = YES;
				CLANG_WARN_SUSPICIOUS_MOVE = YES;
				CLANG_WARN_UNGUARDED_AVAILABILITY = YES_AGGRESSIVE;
				CLANG_WARN_UNREACHABLE_CODE = YES;
				CLANG_WARN__DUPLICATE_METHOD_MATCH = YES;
				COPY_PHASE_STRIP = NO;
				DEBUG_INFORMATION_FORMAT = "dwarf-with-dsym";
				ENABLE_NS_ASSERTIONS = NO;
				ENABLE_STRICT_OBJC_MSGSEND = YES;
				GCC_C_LANGUAGE_STANDARD = gnu11;
				GCC_NO_COMMON_BLOCKS = YES;
				GCC_WARN_64_TO_32_BIT_CONVERSION = YES;
				GCC_WARN_ABOUT_RETURN_TYPE = YES_ERROR;
				GCC_WARN_UNDECLARED_SELECTOR = YES;
				GCC_WARN_UNINITIALIZED_AUTOS = YES_AGGRESSIVE;
				GCC_WARN_UNUSED_FUNCTION = YES;
				GCC_WARN_UNUSED_VARIABLE = YES;
				IPHONEOS_DEPLOYMENT_TARGET = 13.5;
				MTL_ENABLE_DEBUG_INFO = NO;
				MTL_FAST_MATH = YES;
				SDKROOT = iphoneos;
				SWIFT_COMPILATION_MODE = wholemodule;
				SWIFT_OPTIMIZATION_LEVEL = "-O";
				VALIDATE_PRODUCT = YES;
			};
			name = Release;
		};
		BED5ADD324C1EFC0008338EE /* Debug */ = {
			isa = XCBuildConfiguration;
			baseConfigurationReference = EDED46D6BD96ED2105DF7B0F /* Pods-MealDBApp.debug.xcconfig */;
			buildSettings = {
				ASSETCATALOG_COMPILER_APPICON_NAME = AppIcon;
				CODE_SIGN_STYLE = Automatic;
				INFOPLIST_FILE = MealDBApp/Info.plist;
				LD_RUNPATH_SEARCH_PATHS = (
					"$(inherited)",
					"@executable_path/Frameworks",
				);
				PRODUCT_BUNDLE_IDENTIFIER = co.aldrich.MealDBApp;
				PRODUCT_NAME = "$(TARGET_NAME)";
				SWIFT_VERSION = 5.0;
				TARGETED_DEVICE_FAMILY = "1,2";
			};
			name = Debug;
		};
		BED5ADD424C1EFC0008338EE /* Release */ = {
			isa = XCBuildConfiguration;
			baseConfigurationReference = 739E1FE27FCBA65EF1A573E0 /* Pods-MealDBApp.release.xcconfig */;
			buildSettings = {
				ASSETCATALOG_COMPILER_APPICON_NAME = AppIcon;
				CODE_SIGN_STYLE = Automatic;
				INFOPLIST_FILE = MealDBApp/Info.plist;
				LD_RUNPATH_SEARCH_PATHS = (
					"$(inherited)",
					"@executable_path/Frameworks",
				);
				PRODUCT_BUNDLE_IDENTIFIER = co.aldrich.MealDBApp;
				PRODUCT_NAME = "$(TARGET_NAME)";
				SWIFT_VERSION = 5.0;
				TARGETED_DEVICE_FAMILY = "1,2";
			};
			name = Release;
		};
		BED5ADD624C1EFC0008338EE /* Debug */ = {
			isa = XCBuildConfiguration;
			baseConfigurationReference = C9D72C396EC16CD203E4A44C /* Pods-MealDBAppTests.debug.xcconfig */;
			buildSettings = {
				ALWAYS_EMBED_SWIFT_STANDARD_LIBRARIES = YES;
				BUNDLE_LOADER = "$(TEST_HOST)";
				CODE_SIGN_STYLE = Automatic;
				INFOPLIST_FILE = MealDBAppTests/Info.plist;
				IPHONEOS_DEPLOYMENT_TARGET = 13.5;
				LD_RUNPATH_SEARCH_PATHS = (
					"$(inherited)",
					"@executable_path/Frameworks",
					"@loader_path/Frameworks",
				);
				PRODUCT_BUNDLE_IDENTIFIER = co.aldrich.MealDBAppTests;
				PRODUCT_NAME = "$(TARGET_NAME)";
				SWIFT_VERSION = 5.0;
				TARGETED_DEVICE_FAMILY = "1,2";
				TEST_HOST = "$(BUILT_PRODUCTS_DIR)/MealDBApp.app/MealDBApp";
			};
			name = Debug;
		};
		BED5ADD724C1EFC0008338EE /* Release */ = {
			isa = XCBuildConfiguration;
			baseConfigurationReference = B1FE3F48FB5EB1B5857AE640 /* Pods-MealDBAppTests.release.xcconfig */;
			buildSettings = {
				ALWAYS_EMBED_SWIFT_STANDARD_LIBRARIES = YES;
				BUNDLE_LOADER = "$(TEST_HOST)";
				CODE_SIGN_STYLE = Automatic;
				INFOPLIST_FILE = MealDBAppTests/Info.plist;
				IPHONEOS_DEPLOYMENT_TARGET = 13.5;
				LD_RUNPATH_SEARCH_PATHS = (
					"$(inherited)",
					"@executable_path/Frameworks",
					"@loader_path/Frameworks",
				);
				PRODUCT_BUNDLE_IDENTIFIER = co.aldrich.MealDBAppTests;
				PRODUCT_NAME = "$(TARGET_NAME)";
				SWIFT_VERSION = 5.0;
				TARGETED_DEVICE_FAMILY = "1,2";
				TEST_HOST = "$(BUILT_PRODUCTS_DIR)/MealDBApp.app/MealDBApp";
			};
			name = Release;
		};
		BED5ADD924C1EFC0008338EE /* Debug */ = {
			isa = XCBuildConfiguration;
			baseConfigurationReference = DFE75BF18C499FB3ED8ADC3C /* Pods-MealDBApp-MealDBAppUITests.debug.xcconfig */;
			buildSettings = {
				ALWAYS_EMBED_SWIFT_STANDARD_LIBRARIES = YES;
				CODE_SIGN_STYLE = Automatic;
				INFOPLIST_FILE = MealDBAppUITests/Info.plist;
				LD_RUNPATH_SEARCH_PATHS = (
					"$(inherited)",
					"@executable_path/Frameworks",
					"@loader_path/Frameworks",
				);
				PRODUCT_BUNDLE_IDENTIFIER = co.aldrich.MealDBAppUITests;
				PRODUCT_NAME = "$(TARGET_NAME)";
				SWIFT_VERSION = 5.0;
				TARGETED_DEVICE_FAMILY = "1,2";
				TEST_TARGET_NAME = MealDBApp;
			};
			name = Debug;
		};
		BED5ADDA24C1EFC0008338EE /* Release */ = {
			isa = XCBuildConfiguration;
			baseConfigurationReference = EF6B0B9D8D8E6FB4B594A7F1 /* Pods-MealDBApp-MealDBAppUITests.release.xcconfig */;
			buildSettings = {
				ALWAYS_EMBED_SWIFT_STANDARD_LIBRARIES = YES;
				CODE_SIGN_STYLE = Automatic;
				INFOPLIST_FILE = MealDBAppUITests/Info.plist;
				LD_RUNPATH_SEARCH_PATHS = (
					"$(inherited)",
					"@executable_path/Frameworks",
					"@loader_path/Frameworks",
				);
				PRODUCT_BUNDLE_IDENTIFIER = co.aldrich.MealDBAppUITests;
				PRODUCT_NAME = "$(TARGET_NAME)";
				SWIFT_VERSION = 5.0;
				TARGETED_DEVICE_FAMILY = "1,2";
				TEST_TARGET_NAME = MealDBApp;
			};
			name = Release;
		};
/* End XCBuildConfiguration section */

/* Begin XCConfigurationList section */
		BED5ADA024C1EFBE008338EE /* Build configuration list for PBXProject "MealDBApp" */ = {
			isa = XCConfigurationList;
			buildConfigurations = (
				BED5ADD024C1EFC0008338EE /* Debug */,
				BED5ADD124C1EFC0008338EE /* Release */,
			);
			defaultConfigurationIsVisible = 0;
			defaultConfigurationName = Release;
		};
		BED5ADD224C1EFC0008338EE /* Build configuration list for PBXNativeTarget "MealDBApp" */ = {
			isa = XCConfigurationList;
			buildConfigurations = (
				BED5ADD324C1EFC0008338EE /* Debug */,
				BED5ADD424C1EFC0008338EE /* Release */,
			);
			defaultConfigurationIsVisible = 0;
			defaultConfigurationName = Release;
		};
		BED5ADD524C1EFC0008338EE /* Build configuration list for PBXNativeTarget "MealDBAppTests" */ = {
			isa = XCConfigurationList;
			buildConfigurations = (
				BED5ADD624C1EFC0008338EE /* Debug */,
				BED5ADD724C1EFC0008338EE /* Release */,
			);
			defaultConfigurationIsVisible = 0;
			defaultConfigurationName = Release;
		};
		BED5ADD824C1EFC0008338EE /* Build configuration list for PBXNativeTarget "MealDBAppUITests" */ = {
			isa = XCConfigurationList;
			buildConfigurations = (
				BED5ADD924C1EFC0008338EE /* Debug */,
				BED5ADDA24C1EFC0008338EE /* Release */,
			);
			defaultConfigurationIsVisible = 0;
			defaultConfigurationName = Release;
		};
/* End XCConfigurationList section */
	};
	rootObject = BED5AD9D24C1EFBE008338EE /* Project object */;
}
